
Microsoft Visual Studio Solution File, Format Version 12.00
# Visual Studio Version 17
VisualStudioVersion = 17.13.35825.156 d17.13
MinimumVisualStudioVersion = 10.0.40219.1
Project("{FAE04EC0-301F-11D3-BF4B-00C04F79EFBC}") = "AnalytiQ-API", "AnalytiQ-API.csproj", "{B0FE021B-AD19-483C-BA10-1BB3AA796BAB}"
EndProject
Global
	GlobalSection(SolutionConfigurationPlatforms) = preSolution
		Debug|Any CPU = Debug|Any CPU
		Release|Any CPU = Release|Any CPU
	EndGlobalSection
	GlobalSection(ProjectConfigurationPlatforms) = postSolution
		{B0FE021B-AD19-483C-BA10-1BB3AA796BAB}.Debug|Any CPU.ActiveCfg = Debug|Any CPU
		{B0FE021B-AD19-483C-BA10-1BB3AA796BAB}.Debug|Any CPU.Build.0 = Debug|Any CPU
		{B0FE021B-AD19-483C-BA10-1BB3AA796BAB}.Release|Any CPU.ActiveCfg = Release|Any CPU
		{B0FE021B-AD19-483C-BA10-1BB3AA796BAB}.Release|Any CPU.Build.0 = Release|Any CPU
	EndGlobalSection
	GlobalSection(SolutionProperties) = preSolution
		HideSolutionNode = FALSE
	EndGlobalSection
	GlobalSection(ExtensibilityGlobals) = postSolution
		SolutionGuid = {5BC98730-4F6F-4D42-8F28-2BB8D82B36A3}
	EndGlobalSection
EndGlobal
