
Microsoft Visual Studio Solution File, Format Version 12.00
# Visual Studio Version 17
VisualStudioVersion = 17.13.35825.156
MinimumVisualStudioVersion = 10.0.40219.1
Project("{F184B08F-C81C-45F6-A57F-5ABD9991F28F}") = "AnalytiQ.UI", "AnalytiQ.UI.vbproj", "{DEC45952-AA40-42D3-A6D2-648C77B54973}"
EndProject
Project("{2150E333-8FDC-42A3-9474-1A3956D46DE8}") = "Solution Items", "Solution Items", "{8EC462FD-D22E-90A8-E5CE-7E832BA40C5D}"
EndProject
Global
	GlobalSection(SolutionConfigurationPlatforms) = preSolution
		Debug|Any CPU = Debug|Any CPU
		Release|Any CPU = Release|Any CPU
	EndGlobalSection
	GlobalSection(ProjectConfigurationPlatforms) = postSolution
		{DEC45952-AA40-42D3-A6D2-648C77B54973}.Debug|Any CPU.ActiveCfg = Debug|Any CPU
		{DEC45952-AA40-42D3-A6D2-648C77B54973}.Debug|Any CPU.Build.0 = Debug|Any CPU
		{DEC45952-AA40-42D3-A6D2-648C77B54973}.Release|Any CPU.ActiveCfg = Release|Any CPU
		{DEC45952-AA40-42D3-A6D2-648C77B54973}.Release|Any CPU.Build.0 = Release|Any CPU
	EndGlobalSection
	GlobalSection(SolutionProperties) = preSolution
		HideSolutionNode = FALSE
	EndGlobalSection
	GlobalSection(ExtensibilityGlobals) = postSolution
		SolutionGuid = {3D4EB923-3A66-4E72-8DA0-86EFE84E637C}
	EndGlobalSection
EndGlobal
